
Microsoft Visual Studio Solution File, Format Version 12.00
# Visual Studio Version 17
VisualStudioVersion = 17.14.36414.22
MinimumVisualStudioVersion = 10.0.40219.1
Project("{FAE04EC0-301F-11D3-BF4B-00C04F79EFBC}") = "NoWindowDraw_TimerUsage", "NoWindowDraw_TimerImpl\NoWindowDraw_TimerUsage.csproj", "{787496CA-1ADF-DB46-AD98-154C15F29FF9}"
EndProject
Project("{FAE04EC0-301F-11D3-BF4B-00C04F79EFBC}") = "GameWithXmlSave", "WebApplication1\GameWithXmlSave.csproj", "{9BCD8250-C18A-942D-2831-637EAC31FCAA}"
Project("{FAE04EC0-301F-11D3-BF4B-00C04F79EFBC}") = "WorkingShifts", "WorkingShifts\WorkingShifts.csproj", "{E786956D-8C84-49D8-B58C-771FBB0F3C71}"
EndProject
Project("{FAE04EC0-301F-11D3-BF4B-00C04F79EFBC}") = "WorkShiftsConsole", "WorkShiftsConsole\WorkShiftsConsole.csproj", "{BF2A2F4C-957F-4799-99AE-1120F938F9DB}"
EndProject
Project("{FAE04EC0-301F-11D3-BF4B-00C04F79EFBC}") = "WorkShiftsLibrary", "WorkShiftsLibrary\WorkShiftsLibrary.csproj", "{F9AF66ED-C17B-4D5E-A39E-7ECB1C1D9D33}"
EndProject
Global
	GlobalSection(SolutionConfigurationPlatforms) = preSolution
		Debug|Any CPU = Debug|Any CPU
		Release|Any CPU = Release|Any CPU
	EndGlobalSection
	GlobalSection(ProjectConfigurationPlatforms) = postSolution
		{787496CA-1ADF-DB46-AD98-154C15F29FF9}.Debug|Any CPU.ActiveCfg = Debug|Any CPU
		{787496CA-1ADF-DB46-AD98-154C15F29FF9}.Debug|Any CPU.Build.0 = Debug|Any CPU
		{787496CA-1ADF-DB46-AD98-154C15F29FF9}.Release|Any CPU.ActiveCfg = Release|Any CPU
		{787496CA-1ADF-DB46-AD98-154C15F29FF9}.Release|Any CPU.Build.0 = Release|Any CPU
		{9BCD8250-C18A-942D-2831-637EAC31FCAA}.Debug|Any CPU.ActiveCfg = Debug|Any CPU
		{9BCD8250-C18A-942D-2831-637EAC31FCAA}.Debug|Any CPU.Build.0 = Debug|Any CPU
		{9BCD8250-C18A-942D-2831-637EAC31FCAA}.Release|Any CPU.ActiveCfg = Release|Any CPU
		{9BCD8250-C18A-942D-2831-637EAC31FCAA}.Release|Any CPU.Build.0 = Release|Any CPU
		{E786956D-8C84-49D8-B58C-771FBB0F3C71}.Debug|Any CPU.ActiveCfg = Debug|Any CPU
		{E786956D-8C84-49D8-B58C-771FBB0F3C71}.Debug|Any CPU.Build.0 = Debug|Any CPU
		{E786956D-8C84-49D8-B58C-771FBB0F3C71}.Debug|Any CPU.Deploy.0 = Debug|Any CPU
		{E786956D-8C84-49D8-B58C-771FBB0F3C71}.Release|Any CPU.ActiveCfg = Release|Any CPU
		{E786956D-8C84-49D8-B58C-771FBB0F3C71}.Release|Any CPU.Build.0 = Release|Any CPU
		{E786956D-8C84-49D8-B58C-771FBB0F3C71}.Release|Any CPU.Deploy.0 = Release|Any CPU
		{BF2A2F4C-957F-4799-99AE-1120F938F9DB}.Debug|Any CPU.ActiveCfg = Debug|Any CPU
		{BF2A2F4C-957F-4799-99AE-1120F938F9DB}.Debug|Any CPU.Build.0 = Debug|Any CPU
		{BF2A2F4C-957F-4799-99AE-1120F938F9DB}.Release|Any CPU.ActiveCfg = Release|Any CPU
		{BF2A2F4C-957F-4799-99AE-1120F938F9DB}.Release|Any CPU.Build.0 = Release|Any CPU
		{F9AF66ED-C17B-4D5E-A39E-7ECB1C1D9D33}.Debug|Any CPU.ActiveCfg = Debug|Any CPU
		{F9AF66ED-C17B-4D5E-A39E-7ECB1C1D9D33}.Debug|Any CPU.Build.0 = Debug|Any CPU
		{F9AF66ED-C17B-4D5E-A39E-7ECB1C1D9D33}.Release|Any CPU.ActiveCfg = Release|Any CPU
		{F9AF66ED-C17B-4D5E-A39E-7ECB1C1D9D33}.Release|Any CPU.Build.0 = Release|Any CPU
	EndGlobalSection
	GlobalSection(SolutionProperties) = preSolution
		HideSolutionNode = FALSE
	EndGlobalSection
	GlobalSection(ExtensibilityGlobals) = postSolution
		SolutionGuid = {79DDF2A0-3926-494C-B3B4-F4725F52453F}
	EndGlobalSection
EndGlobal
